
Microsoft Visual Studio Solution File, Format Version 12.00
# Visual Studio 15
VisualStudioVersion = 15.0.26430.14
MinimumVisualStudioVersion = 10.0.40219.1
Project("{FAE04EC0-301F-11D3-BF4B-00C04F79EFBC}") = "Task2", "Task2\Task2.csproj", "{44FD4336-72DA-4854-886B-F40538C4CFC0}"
EndProject
Project("{FAE04EC0-301F-11D3-BF4B-00C04F79EFBC}") = "Task1", "Task1\Task1.csproj", "{D687B0FA-68FB-4BBF-8A35-E3C6F9CE50CB}"
EndProject
Project("{FAE04EC0-301F-11D3-BF4B-00C04F79EFBC}") = "Test", "Test\Test.csproj", "{8B697A5C-A49A-4515-ACF2-44444919C747}"
EndProject
Global
	GlobalSection(SolutionConfigurationPlatforms) = preSolution
		Debug|Any CPU = Debug|Any CPU
		Release|Any CPU = Release|Any CPU
	EndGlobalSection
	GlobalSection(ProjectConfigurationPlatforms) = postSolution
		{44FD4336-72DA-4854-886B-F40538C4CFC0}.Debug|Any CPU.ActiveCfg = Debug|Any CPU
		{44FD4336-72DA-4854-886B-F40538C4CFC0}.Debug|Any CPU.Build.0 = Debug|Any CPU
		{44FD4336-72DA-4854-886B-F40538C4CFC0}.Release|Any CPU.ActiveCfg = Release|Any CPU
		{44FD4336-72DA-4854-886B-F40538C4CFC0}.Release|Any CPU.Build.0 = Release|Any CPU
		{D687B0FA-68FB-4BBF-8A35-E3C6F9CE50CB}.Debug|Any CPU.ActiveCfg = Debug|Any CPU
		{D687B0FA-68FB-4BBF-8A35-E3C6F9CE50CB}.Debug|Any CPU.Build.0 = Debug|Any CPU
		{D687B0FA-68FB-4BBF-8A35-E3C6F9CE50CB}.Release|Any CPU.ActiveCfg = Release|Any CPU
		{D687B0FA-68FB-4BBF-8A35-E3C6F9CE50CB}.Release|Any CPU.Build.0 = Release|Any CPU
		{8B697A5C-A49A-4515-ACF2-44444919C747}.Debug|Any CPU.ActiveCfg = Debug|Any CPU
		{8B697A5C-A49A-4515-ACF2-44444919C747}.Debug|Any CPU.Build.0 = Debug|Any CPU
		{8B697A5C-A49A-4515-ACF2-44444919C747}.Release|Any CPU.ActiveCfg = Release|Any CPU
		{8B697A5C-A49A-4515-ACF2-44444919C747}.Release|Any CPU.Build.0 = Release|Any CPU
	EndGlobalSection
	GlobalSection(SolutionProperties) = preSolution
		HideSolutionNode = FALSE
	EndGlobalSection
EndGlobal
